
Microsoft Visual Studio Solution File, Format Version 12.00
Project("{FAE04EC0-301F-11D3-BF4B-00C04F79EFBC}") = "Caissa", "Caissa\Caissa.csproj", "{A7AD19A6-4106-43DE-AE75-8FA2DF6362AD}"
EndProject
Global
	GlobalSection(SolutionConfigurationPlatforms) = preSolution
		Debug|Any CPU = Debug|Any CPU
		Release|Any CPU = Release|Any CPU
	EndGlobalSection
	GlobalSection(ProjectConfigurationPlatforms) = postSolution
		{A7AD19A6-4106-43DE-AE75-8FA2DF6362AD}.Debug|Any CPU.ActiveCfg = Debug|Any CPU
		{A7AD19A6-4106-43DE-AE75-8FA2DF6362AD}.Debug|Any CPU.Build.0 = Debug|Any CPU
		{A7AD19A6-4106-43DE-AE75-8FA2DF6362AD}.Release|Any CPU.ActiveCfg = Release|Any CPU
		{A7AD19A6-4106-43DE-AE75-8FA2DF6362AD}.Release|Any CPU.Build.0 = Release|Any CPU
	EndGlobalSection
EndGlobal
